
Microsoft Visual Studio Solution File, Format Version 12.00
# Visual Studio 15
VisualStudioVersion = 15.0.28307.136
MinimumVisualStudioVersion = 10.0.40219.1
Project("{FAE04EC0-301F-11D3-BF4B-00C04F79EFBC}") = "ToDoList.Service", "ToDoList.Service\ToDoList.Service.csproj", "{15B79B2B-AF6C-448A-A7D9-EAFD35BAB0AD}"
EndProject
Global
	GlobalSection(SolutionConfigurationPlatforms) = preSolution
		Debug|Any CPU = Debug|Any CPU
		Release|Any CPU = Release|Any CPU
	EndGlobalSection
	GlobalSection(ProjectConfigurationPlatforms) = postSolution
		{15B79B2B-AF6C-448A-A7D9-EAFD35BAB0AD}.Debug|Any CPU.ActiveCfg = Debug|Any CPU
		{15B79B2B-AF6C-448A-A7D9-EAFD35BAB0AD}.Debug|Any CPU.Build.0 = Debug|Any CPU
		{15B79B2B-AF6C-448A-A7D9-EAFD35BAB0AD}.Release|Any CPU.ActiveCfg = Release|Any CPU
		{15B79B2B-AF6C-448A-A7D9-EAFD35BAB0AD}.Release|Any CPU.Build.0 = Release|Any CPU
	EndGlobalSection
	GlobalSection(SolutionProperties) = preSolution
		HideSolutionNode = FALSE
	EndGlobalSection
	GlobalSection(ExtensibilityGlobals) = postSolution
		SolutionGuid = {08802D25-8BED-4F87-A1FD-05ACA58C2301}
	EndGlobalSection
EndGlobal
